
Microsoft Visual Studio Solution File, Format Version 12.00
# Visual Studio Version 16
VisualStudioVersion = 16.0.31410.357
MinimumVisualStudioVersion = 10.0.40219.1
Project("{FAE04EC0-301F-11D3-BF4B-00C04F79EFBC}") = "Paranumeron", "Paranumeron.csproj", "{05828746-A60A-4C5E-ABD4-81D44446BB06}"
EndProject
Global
	GlobalSection(SolutionConfigurationPlatforms) = preSolution
		Debug|Any CPU = Debug|Any CPU
		Release|Any CPU = Release|Any CPU
		Test Build|Any CPU = Test Build|Any CPU
	EndGlobalSection
	GlobalSection(ProjectConfigurationPlatforms) = postSolution
		{05828746-A60A-4C5E-ABD4-81D44446BB06}.Debug|Any CPU.ActiveCfg = Debug|Any CPU
		{05828746-A60A-4C5E-ABD4-81D44446BB06}.Debug|Any CPU.Build.0 = Debug|Any CPU
		{05828746-A60A-4C5E-ABD4-81D44446BB06}.Release|Any CPU.ActiveCfg = Release|Any CPU
		{05828746-A60A-4C5E-ABD4-81D44446BB06}.Release|Any CPU.Build.0 = Release|Any CPU
		{05828746-A60A-4C5E-ABD4-81D44446BB06}.Test Build|Any CPU.ActiveCfg = Set values|Any CPU
		{05828746-A60A-4C5E-ABD4-81D44446BB06}.Test Build|Any CPU.Build.0 = Set values|Any CPU
	EndGlobalSection
	GlobalSection(SolutionProperties) = preSolution
		HideSolutionNode = FALSE
	EndGlobalSection
	GlobalSection(ExtensibilityGlobals) = postSolution
		SolutionGuid = {F79F7BE1-7433-4A0A-A313-F4D068F33CE3}
	EndGlobalSection
EndGlobal
